
Microsoft Visual Studio Solution File, Format Version 12.00
# Visual Studio 15
VisualStudioVersion = 15.0.28307.329
MinimumVisualStudioVersion = 10.0.40219.1
Project("{FAE04EC0-301F-11D3-BF4B-00C04F79EFBC}") = "BabySitter.Application", "BabySitter.Application\BabySitter.Application.csproj", "{5123ED99-C6D5-44BE-A708-56224B8DA532}"
EndProject
Project("{FAE04EC0-301F-11D3-BF4B-00C04F79EFBC}") = "BabySitter.UnitTest", "BabySitterUnitTest\BabySitter.UnitTest.csproj", "{947CF367-E655-4CA2-9C5C-FC38E766E31B}"
EndProject
Global
	GlobalSection(SolutionConfigurationPlatforms) = preSolution
		Debug|Any CPU = Debug|Any CPU
		Release|Any CPU = Release|Any CPU
	EndGlobalSection
	GlobalSection(ProjectConfigurationPlatforms) = postSolution
		{5123ED99-C6D5-44BE-A708-56224B8DA532}.Debug|Any CPU.ActiveCfg = Debug|Any CPU
		{5123ED99-C6D5-44BE-A708-56224B8DA532}.Debug|Any CPU.Build.0 = Debug|Any CPU
		{5123ED99-C6D5-44BE-A708-56224B8DA532}.Release|Any CPU.ActiveCfg = Release|Any CPU
		{5123ED99-C6D5-44BE-A708-56224B8DA532}.Release|Any CPU.Build.0 = Release|Any CPU
		{947CF367-E655-4CA2-9C5C-FC38E766E31B}.Debug|Any CPU.ActiveCfg = Debug|Any CPU
		{947CF367-E655-4CA2-9C5C-FC38E766E31B}.Debug|Any CPU.Build.0 = Debug|Any CPU
		{947CF367-E655-4CA2-9C5C-FC38E766E31B}.Release|Any CPU.ActiveCfg = Release|Any CPU
		{947CF367-E655-4CA2-9C5C-FC38E766E31B}.Release|Any CPU.Build.0 = Release|Any CPU
	EndGlobalSection
	GlobalSection(SolutionProperties) = preSolution
		HideSolutionNode = FALSE
	EndGlobalSection
	GlobalSection(ExtensibilityGlobals) = postSolution
		SolutionGuid = {12F1B88C-4B42-4C57-8B4E-ED5133CD792E}
	EndGlobalSection
EndGlobal
